{
  "originHash" : "fa37734e26200c6757e11baeb800657b8ae40c7de99ae5fb0272b84e1d06895f",
  "pins" : [
    {
      "identity" : "publicsymbolsmissingmoduleexample-packageb",
      "kind" : "remoteSourceControl",
      "location" : "https://github.com/aim2120/PublicSymbolsMissingModuleExample-PackageB",
      "state" : {
        "revision" : "31f769d07f2b94e51d4f13ab561cc6da200a4cea",
        "version" : "0.0.1"
      }
    }
  ],
  "version" : 3
}
